github.com/antchfx/xpath v1.3.8 h1:RQlkLaJDKk1Ew1H6CUPUTKM+IQxm+6HTyOgcrfqOU9c=
github.com/antchfx/xpath v1.3.8/go.mod h1:i54GszH55fYfBmoZXapTHN8T8tkcHfRgLyVwwqzXNcs=
github.com/freemed/xpath v1.3.9 h1:TDdEuFsqF8MLhIQ9hAUsmmDOth8blYHcAs6bd4xwdmk=
github.com/freemed/xpath v1.3.9/go.mod h1:8y1YYvwjICHDSg9qAevgBZ4X4MhBFxZA00LbVf2z5jQ=
github.com/freemed/xpath v1.3.12 h1:L2GqwHs3Bqw3DoAFH0d4EUbTbLZOOT8qjyNWS86R7qw=
github.com/freemed/xpath v1.3.12/go.mod h1:8y1YYvwjICHDSg9qAevgBZ4X4MhBFxZA00LbVf2z5jQ=
golang.org/x/net v0.57.0 h1:K5+3DljvIuDG9/Jv9rvyMywYNFCQ9RSUY6OOTTkT+tE=
golang.org/x/net v0.57.0/go.mod h1:KpXc8iv+r3XplLAG/f7Jsf9RPszJzdR0f58q9vGOuEU=
golang.org/x/text v0.40.0 h1:Ub2Z6/xjgF1WrYQz2nuITOEegKFtiIy+rieRJ5lHZKs=
golang.org/x/text v0.40.0/go.mod h1:hpnzDAfGV753zIKo+wk3u1bVKCGPbrnF7+7LBF/UHVY=
