github.com/freemed/gokogiri/util v0.0.0-20251130225105-1c0457d97f4b h1:bmO4cmTUKhicgpwOPijy1uPHDCd8TeYBagNWdvM4vn8=
github.com/freemed/gokogiri/util v0.0.0-20251130225105-1c0457d97f4b/go.mod h1:Ejse5Y6jJeTcV3aePY3PY5QbfSrDpWl8Qsm9F+lNSBo=
github.com/freemed/gokogiri/util v0.0.0-20251209120151-edc422feefb4 h1:TrwEIkr5jSR/nac52lgkyF3ViaBTkoWDQNk96fG/35I=
github.com/freemed/gokogiri/util v0.0.0-20251209120151-edc422feefb4/go.mod h1:Ejse5Y6jJeTcV3aePY3PY5QbfSrDpWl8Qsm9F+lNSBo=
